
Microsoft Visual Studio Solution File, Format Version 12.00
# Visual Studio Version 17
VisualStudioVersion = 17.9.34622.214
MinimumVisualStudioVersion = 10.0.40219.1
Project("{FAE04EC0-301F-11D3-BF4B-00C04F79EFBC}") = "P3RPC.PartyMember.FuukaOverhaul", "P3RPC.PartyMember.FuukaOverhaul.csproj", "{B297152F-AADA-4C25-B449-76E3E74007CD}"
EndProject
Global
	GlobalSection(SolutionConfigurationPlatforms) = preSolution
		Debug|Any CPU = Debug|Any CPU
		Release|Any CPU = Release|Any CPU
	EndGlobalSection
	GlobalSection(ProjectConfigurationPlatforms) = postSolution
		{B297152F-AADA-4C25-B449-76E3E74007CD}.Debug|Any CPU.ActiveCfg = Debug|Any CPU
		{B297152F-AADA-4C25-B449-76E3E74007CD}.Debug|Any CPU.Build.0 = Debug|Any CPU
		{B297152F-AADA-4C25-B449-76E3E74007CD}.Release|Any CPU.ActiveCfg = Release|Any CPU
		{B297152F-AADA-4C25-B449-76E3E74007CD}.Release|Any CPU.Build.0 = Release|Any CPU
	EndGlobalSection
	GlobalSection(SolutionProperties) = preSolution
		HideSolutionNode = FALSE
	EndGlobalSection
	GlobalSection(ExtensibilityGlobals) = postSolution
		SolutionGuid = {4E87BCEA-C4EB-478C-BD0B-8D58107D79A3}
	EndGlobalSection
EndGlobal
